{
  "requires": true,
  "lockfileVersion": 1,
  "dependencies": {
    "@progress/kendo-drawing": {
      "version": "1.9.0",
      "requires": {
        "@progress/pako-esm": "^1.0.0"
      },
      "dependencies": {
        "@progress/pako-esm": {
          "version": "1.0.0",
          "resolved": "https://registry.npmjs.org/@progress/pako-esm/-/pako-esm-1.0.0.tgz",
          "integrity": "sha512-mwex7BsLRj2eUL3O7Ak1sIhyqAdp3jobD9HJbCdauyjxUEPFryAuCXxR4n8srWF8BkV3V9fs/qiu5WbcJ3wnPg=="
        }
      }
    },
    "@progress/kendo-react-buttons": {
      "version": "3.15.0",
      "requires": {
        "@progress/kendo-react-common": "3.15.0",
        "@progress/kendo-react-popup": "3.15.0",
        "prop-types": "^15.6.0"
      },
      "dependencies": {
        "@progress/kendo-popup-common": {
          "version": "1.7.0",
          "resolved": "https://registry.npmjs.org/@progress/kendo-popup-common/-/kendo-popup-common-1.7.0.tgz",
          "integrity": "sha512-KxPIXDkirDpJaF/UWFKbe8QpbO5CwdQH/HyNT5Fj1qZb25YaO68VZCisls2qkcEVPHBlXesDcN3QJlt4vJ6tJw=="
        },
        "@progress/kendo-react-common": {
          "version": "3.15.0",
          "resolved": "https://registry.npmjs.org/@progress/kendo-react-common/-/kendo-react-common-3.15.0.tgz",
          "integrity": "sha512-Ytaa42/nvkmcn5f3UUfm18qxFpJG6TT5MGZkPEOaACuzPNX6EfMDNByxhdC1KMuvLCGPuWIj1YAcLTUI/hxq0A==",
          "requires": {
            "@telerik/kendo-draggable": "^2.1.0",
            "prop-types": "^15.6.0"
          }
        },
        "@progress/kendo-react-popup": {
          "version": "3.15.0",
          "resolved": "https://registry.npmjs.org/@progress/kendo-react-popup/-/kendo-react-popup-3.15.0.tgz",
          "integrity": "sha512-4ExRIGzBQfW1mdgLqXOXgNJo4X3amdXA+yhH0gbLDeMF/gb3nukiZxlie1DbFr7hzleDlHHRYTsw8oUfc4JxeQ==",
          "requires": {
            "@progress/kendo-popup-common": "^1.2.2",
            "@progress/kendo-react-common": "3.15.0",
            "prop-types": "^15.6.0"
          }
        },
        "@telerik/kendo-draggable": {
          "version": "2.2.0",
          "resolved": "https://registry.npmjs.org/@telerik/kendo-draggable/-/kendo-draggable-2.2.0.tgz",
          "integrity": "sha512-78ofOzRpisqPjG51LfLQ4FEWoGJXs4PkzyJSdVklyFw6gtAnj/T6dp7mHIMj8BivVkN9FjNgf4Eo/mdYs9fusQ=="
        },
        "js-tokens": {
          "version": "4.0.0",
          "resolved": "https://registry.npmjs.org/js-tokens/-/js-tokens-4.0.0.tgz",
          "integrity": "sha512-RdJUflcE3cUzKiMqQgsCu06FPu9UdIJO0beYbPhHN4k6apgJtifcoCtT9bcxOpYBtpD2kCM6Sbzg4CausW/PKQ=="
        },
        "loose-envify": {
          "version": "1.4.0",
          "resolved": "https://registry.npmjs.org/loose-envify/-/loose-envify-1.4.0.tgz",
          "integrity": "sha512-lyuxPGr/Wfhrlem2CL/UcnUc1zcqKAImBDzukY7Y5F/yQiNdko6+fRLevlw1HgMySw7f611UIY408EtxRSoK3Q==",
          "requires": {
            "js-tokens": "^3.0.0 || ^4.0.0"
          }
        },
        "object-assign": {
          "version": "4.1.1",
          "resolved": "https://registry.npmjs.org/object-assign/-/object-assign-4.1.1.tgz",
          "integrity": "sha1-IQmtx5ZYh8/AXLvUQsrIv7s2CGM="
        },
        "prop-types": {
          "version": "15.7.2",
          "resolved": "https://registry.npmjs.org/prop-types/-/prop-types-15.7.2.tgz",
          "integrity": "sha512-8QQikdH7//R2vurIJSutZ1smHYTcLpRWEOlHnzcWHmBYrOGUysKwSsrC89BCiFj3CbrfJ/nXFdJepOVrY1GCHQ==",
          "requires": {
            "loose-envify": "^1.4.0",
            "object-assign": "^4.1.1",
            "react-is": "^16.8.1"
          }
        },
        "react-is": {
          "version": "16.13.1",
          "resolved": "https://registry.npmjs.org/react-is/-/react-is-16.13.1.tgz",
          "integrity": "sha512-24e6ynE2H+OKt4kqsOvNd8kBpV65zoxbA4BVsEOB3ARVWQki/DHzaUoC5KuON/BiccDaCCTZBuOcfZs70kR8bQ=="
        }
      }
    },
    "@progress/kendo-react-layout": {
      "version": "3.15.0",
      "requires": {
        "@progress/kendo-react-animation": "3.15.0",
        "@progress/kendo-react-common": "3.15.0",
        "@progress/kendo-react-popup": "3.15.0",
        "prop-types": "^15.6.0"
      },
      "dependencies": {
        "@babel/runtime": {
          "version": "7.11.2",
          "resolved": "https://registry.npmjs.org/@babel/runtime/-/runtime-7.11.2.tgz",
          "integrity": "sha512-TeWkU52so0mPtDcaCTxNBI/IHiz0pZgr8VEFqXFtZWpYD08ZB6FaSwVAS8MKRQAP3bYKiVjwysOJgMFY28o6Tw==",
          "requires": {
            "regenerator-runtime": "^0.13.4"
          }
        },
        "@progress/kendo-popup-common": {
          "version": "1.7.0",
          "resolved": "https://registry.npmjs.org/@progress/kendo-popup-common/-/kendo-popup-common-1.7.0.tgz",
          "integrity": "sha512-KxPIXDkirDpJaF/UWFKbe8QpbO5CwdQH/HyNT5Fj1qZb25YaO68VZCisls2qkcEVPHBlXesDcN3QJlt4vJ6tJw=="
        },
        "@progress/kendo-react-animation": {
          "version": "3.15.0",
          "resolved": "https://registry.npmjs.org/@progress/kendo-react-animation/-/kendo-react-animation-3.15.0.tgz",
          "integrity": "sha512-Nv3OPjzM5riKWH1M0MONOsTRRKSoqFqdZBNjQ8L60xhpjrweomt8ekJlnUhBCVxO+QupHo6DAZP62fJD2m+nMw==",
          "requires": {
            "@progress/kendo-react-common": "3.15.0",
            "prop-types": "^15.6.0",
            "react-transition-group": "^2.2.0"
          }
        },
        "@progress/kendo-react-common": {
          "version": "3.15.0",
          "resolved": "https://registry.npmjs.org/@progress/kendo-react-common/-/kendo-react-common-3.15.0.tgz",
          "integrity": "sha512-Ytaa42/nvkmcn5f3UUfm18qxFpJG6TT5MGZkPEOaACuzPNX6EfMDNByxhdC1KMuvLCGPuWIj1YAcLTUI/hxq0A==",
          "requires": {
            "@telerik/kendo-draggable": "^2.1.0",
            "prop-types": "^15.6.0"
          }
        },
        "@progress/kendo-react-popup": {
          "version": "3.15.0",
          "resolved": "https://registry.npmjs.org/@progress/kendo-react-popup/-/kendo-react-popup-3.15.0.tgz",
          "integrity": "sha512-4ExRIGzBQfW1mdgLqXOXgNJo4X3amdXA+yhH0gbLDeMF/gb3nukiZxlie1DbFr7hzleDlHHRYTsw8oUfc4JxeQ==",
          "requires": {
            "@progress/kendo-popup-common": "^1.2.2",
            "@progress/kendo-react-common": "3.15.0",
            "prop-types": "^15.6.0"
          }
        },
        "@telerik/kendo-draggable": {
          "version": "2.2.0",
          "resolved": "https://registry.npmjs.org/@telerik/kendo-draggable/-/kendo-draggable-2.2.0.tgz",
          "integrity": "sha512-78ofOzRpisqPjG51LfLQ4FEWoGJXs4PkzyJSdVklyFw6gtAnj/T6dp7mHIMj8BivVkN9FjNgf4Eo/mdYs9fusQ=="
        },
        "dom-helpers": {
          "version": "3.4.0",
          "resolved": "https://registry.npmjs.org/dom-helpers/-/dom-helpers-3.4.0.tgz",
          "integrity": "sha512-LnuPJ+dwqKDIyotW1VzmOZ5TONUN7CwkCR5hrgawTUbkBGYdeoNLZo6nNfGkCrjtE1nXXaj7iMMpDa8/d9WoIA==",
          "requires": {
            "@babel/runtime": "^7.1.2"
          }
        },
        "js-tokens": {
          "version": "4.0.0",
          "resolved": "https://registry.npmjs.org/js-tokens/-/js-tokens-4.0.0.tgz",
          "integrity": "sha512-RdJUflcE3cUzKiMqQgsCu06FPu9UdIJO0beYbPhHN4k6apgJtifcoCtT9bcxOpYBtpD2kCM6Sbzg4CausW/PKQ=="
        },
        "loose-envify": {
          "version": "1.4.0",
          "resolved": "https://registry.npmjs.org/loose-envify/-/loose-envify-1.4.0.tgz",
          "integrity": "sha512-lyuxPGr/Wfhrlem2CL/UcnUc1zcqKAImBDzukY7Y5F/yQiNdko6+fRLevlw1HgMySw7f611UIY408EtxRSoK3Q==",
          "requires": {
            "js-tokens": "^3.0.0 || ^4.0.0"
          }
        },
        "object-assign": {
          "version": "4.1.1",
          "resolved": "https://registry.npmjs.org/object-assign/-/object-assign-4.1.1.tgz",
          "integrity": "sha1-IQmtx5ZYh8/AXLvUQsrIv7s2CGM="
        },
        "prop-types": {
          "version": "15.7.2",
          "resolved": "https://registry.npmjs.org/prop-types/-/prop-types-15.7.2.tgz",
          "integrity": "sha512-8QQikdH7//R2vurIJSutZ1smHYTcLpRWEOlHnzcWHmBYrOGUysKwSsrC89BCiFj3CbrfJ/nXFdJepOVrY1GCHQ==",
          "requires": {
            "loose-envify": "^1.4.0",
            "object-assign": "^4.1.1",
            "react-is": "^16.8.1"
          }
        },
        "react-is": {
          "version": "16.13.1",
          "resolved": "https://registry.npmjs.org/react-is/-/react-is-16.13.1.tgz",
          "integrity": "sha512-24e6ynE2H+OKt4kqsOvNd8kBpV65zoxbA4BVsEOB3ARVWQki/DHzaUoC5KuON/BiccDaCCTZBuOcfZs70kR8bQ=="
        },
        "react-lifecycles-compat": {
          "version": "3.0.4",
          "resolved": "https://registry.npmjs.org/react-lifecycles-compat/-/react-lifecycles-compat-3.0.4.tgz",
          "integrity": "sha512-fBASbA6LnOU9dOU2eW7aQ8xmYBSXUIWr+UmF9b1efZBazGNO+rcXT/icdKnYm2pTwcRylVUYwW7H1PHfLekVzA=="
        },
        "react-transition-group": {
          "version": "2.9.0",
          "resolved": "https://registry.npmjs.org/react-transition-group/-/react-transition-group-2.9.0.tgz",
          "integrity": "sha512-+HzNTCHpeQyl4MJ/bdE0u6XRMe9+XG/+aL4mCxVN4DnPBQ0/5bfHWPDuOZUzYdMj94daZaZdCCc1Dzt9R/xSSg==",
          "requires": {
            "dom-helpers": "^3.4.0",
            "loose-envify": "^1.4.0",
            "prop-types": "^15.6.2",
            "react-lifecycles-compat": "^3.0.4"
          }
        },
        "regenerator-runtime": {
          "version": "0.13.7",
          "resolved": "https://registry.npmjs.org/regenerator-runtime/-/regenerator-runtime-0.13.7.tgz",
          "integrity": "sha512-a54FxoJDIr27pgf7IgeQGxmqUNYrcV338lf/6gH456HZ/PhX+5BcwHXG9ajESmwe6WRO0tAzRUrRmNONWgkrew=="
        }
      }
    },
    "@progress/kendo-react-pdf": {
      "version": "3.15.0",
      "requires": {
        "@progress/kendo-file-saver": "^1.0.1"
      },
      "dependencies": {
        "@progress/kendo-file-saver": {
          "version": "1.1.0",
          "resolved": "https://registry.npmjs.org/@progress/kendo-file-saver/-/kendo-file-saver-1.1.0.tgz",
          "integrity": "sha512-26iPl67d0izUlzU6p98QM5f/spOK3QCdmSJrEzGakw1Yp0qyFmp2V9uKeswfWgX0NhKmJApWjlAxxrtRvYjHYA=="
        }
      }
    },
    "@progress/kendo-react-ripple": {
      "version": "3.15.0",
      "requires": {
        "@progress/kendo-ripple": "^1.0.0",
        "prop-types": "^15.6.0"
      },
      "dependencies": {
        "@progress/kendo-ripple": {
          "version": "1.0.0",
          "resolved": "https://registry.npmjs.org/@progress/kendo-ripple/-/kendo-ripple-1.0.0.tgz",
          "integrity": "sha512-5FeXmnUDHNLg/mPVz31Sy/+RxrMsPApOrLTdj5cpVtl7Wh0Py5lcx2JTYnzQ8KWeH8Mt1mhMr0mr7OdsnI6FMg==",
          "requires": {
            "tslib": "^1.7.0"
          }
        },
        "js-tokens": {
          "version": "4.0.0",
          "resolved": "https://registry.npmjs.org/js-tokens/-/js-tokens-4.0.0.tgz",
          "integrity": "sha512-RdJUflcE3cUzKiMqQgsCu06FPu9UdIJO0beYbPhHN4k6apgJtifcoCtT9bcxOpYBtpD2kCM6Sbzg4CausW/PKQ=="
        },
        "loose-envify": {
          "version": "1.4.0",
          "resolved": "https://registry.npmjs.org/loose-envify/-/loose-envify-1.4.0.tgz",
          "integrity": "sha512-lyuxPGr/Wfhrlem2CL/UcnUc1zcqKAImBDzukY7Y5F/yQiNdko6+fRLevlw1HgMySw7f611UIY408EtxRSoK3Q==",
          "requires": {
            "js-tokens": "^3.0.0 || ^4.0.0"
          }
        },
        "object-assign": {
          "version": "4.1.1",
          "resolved": "https://registry.npmjs.org/object-assign/-/object-assign-4.1.1.tgz",
          "integrity": "sha1-IQmtx5ZYh8/AXLvUQsrIv7s2CGM="
        },
        "prop-types": {
          "version": "15.7.2",
          "resolved": "https://registry.npmjs.org/prop-types/-/prop-types-15.7.2.tgz",
          "integrity": "sha512-8QQikdH7//R2vurIJSutZ1smHYTcLpRWEOlHnzcWHmBYrOGUysKwSsrC89BCiFj3CbrfJ/nXFdJepOVrY1GCHQ==",
          "requires": {
            "loose-envify": "^1.4.0",
            "object-assign": "^4.1.1",
            "react-is": "^16.8.1"
          }
        },
        "react-is": {
          "version": "16.13.1",
          "resolved": "https://registry.npmjs.org/react-is/-/react-is-16.13.1.tgz",
          "integrity": "sha512-24e6ynE2H+OKt4kqsOvNd8kBpV65zoxbA4BVsEOB3ARVWQki/DHzaUoC5KuON/BiccDaCCTZBuOcfZs70kR8bQ=="
        },
        "tslib": {
          "version": "1.13.0",
          "resolved": "https://registry.npmjs.org/tslib/-/tslib-1.13.0.tgz",
          "integrity": "sha512-i/6DQjL8Xf3be4K/E6Wgpekn5Qasl1usyw++dAA35Ue5orEn65VIxOA+YvNNl9HV3qv70T7CNwjODHZrLwvd1Q=="
        }
      }
    },
    "@progress/kendo-theme-material": {
      "version": "3.18.0"
    },
    "fn-name": {
      "version": "3.0.0",
      "resolved": "https://registry.npmjs.org/fn-name/-/fn-name-3.0.0.tgz",
      "integrity": "sha512-eNMNr5exLoavuAMhIUVsOKF79SWd/zG104ef6sxBTSw+cZc6BXdQXDvYcGvp0VbxVVSp1XDUNoz7mg1xMtSznA=="
    },
    "lodash": {
      "version": "4.17.20",
      "resolved": "https://registry.npmjs.org/lodash/-/lodash-4.17.20.tgz",
      "integrity": "sha512-PlhdFcillOINfeV7Ni6oF1TAEayyZBoZ8bcshTHqOYJYlrqzRK5hagpagky5o4HfCzzd1TRkXPMFq6cKk9rGmA=="
    },
    "lodash-es": {
      "version": "4.17.15",
      "resolved": "https://registry.npmjs.org/lodash-es/-/lodash-es-4.17.15.tgz",
      "integrity": "sha512-rlrc3yU3+JNOpZ9zj5pQtxnx2THmvRykwL4Xlxoa8I9lHBlVbbyPhgyPMioxVZ4NqyxaVVtaJnzsyOidQIhyyQ=="
    },
    "property-expr": {
      "version": "2.0.3",
      "resolved": "https://registry.npmjs.org/property-expr/-/property-expr-2.0.3.tgz",
      "integrity": "sha512-TEMKBo6s4gZUKmNYwaMkS2JdDxdWgUijW/U/jLAOHVyLZfU1KHXv+mC1J9gkfGOr8532XHqMJytko1lSjc0kmw=="
    },
    "synchronous-promise": {
      "version": "2.0.13",
      "resolved": "https://registry.npmjs.org/synchronous-promise/-/synchronous-promise-2.0.13.tgz",
      "integrity": "sha512-R9N6uDkVsghHePKh1TEqbnLddO2IY25OcsksyFp/qBe7XYd0PVbKEWxhcdMhpLzE1I6skj5l4aEZ3CRxcbArlA=="
    },
    "toposort": {
      "version": "2.0.2",
      "resolved": "https://registry.npmjs.org/toposort/-/toposort-2.0.2.tgz",
      "integrity": "sha1-riF2gXXRVZ1IvvNUILL0li8JwzA="
    },
    "yup": {
      "version": "0.29.3",
      "resolved": "https://registry.npmjs.org/yup/-/yup-0.29.3.tgz",
      "integrity": "sha512-RNUGiZ/sQ37CkhzKFoedkeMfJM0vNQyaz+wRZJzxdKE7VfDeVKH8bb4rr7XhRLbHJz5hSjoDNwMEIaKhuMZ8gQ==",
      "requires": {
        "@babel/runtime": "^7.10.5",
        "fn-name": "~3.0.0",
        "lodash": "^4.17.15",
        "lodash-es": "^4.17.11",
        "property-expr": "^2.0.2",
        "synchronous-promise": "^2.0.13",
        "toposort": "^2.0.2"
      },
      "dependencies": {
        "@babel/runtime": {
          "version": "7.11.2",
          "resolved": "https://registry.npmjs.org/@babel/runtime/-/runtime-7.11.2.tgz",
          "integrity": "sha512-TeWkU52so0mPtDcaCTxNBI/IHiz0pZgr8VEFqXFtZWpYD08ZB6FaSwVAS8MKRQAP3bYKiVjwysOJgMFY28o6Tw==",
          "requires": {
            "regenerator-runtime": "^0.13.4"
          }
        },
        "regenerator-runtime": {
          "version": "0.13.7",
          "resolved": "https://registry.npmjs.org/regenerator-runtime/-/regenerator-runtime-0.13.7.tgz",
          "integrity": "sha512-a54FxoJDIr27pgf7IgeQGxmqUNYrcV338lf/6gH456HZ/PhX+5BcwHXG9ajESmwe6WRO0tAzRUrRmNONWgkrew=="
        }
      }
    }
  }
}
